
Microsoft Visual Studio Solution File, Format Version 12.00
# Visual Studio Version 17
VisualStudioVersion = 17.7.34024.191
MinimumVisualStudioVersion = 10.0.40219.1
Project("{FAE04EC0-301F-11D3-BF4B-00C04F79EFBC}") = "core_web_api", "core_web_api\core_web_api.csproj", "{13BD1751-A837-435D-8F38-F75FA4E57030}"
EndProject
Global
	GlobalSection(SolutionConfigurationPlatforms) = preSolution
		Debug|Any CPU = Debug|Any CPU
		Release|Any CPU = Release|Any CPU
	EndGlobalSection
	GlobalSection(ProjectConfigurationPlatforms) = postSolution
		{13BD1751-A837-435D-8F38-F75FA4E57030}.Debug|Any CPU.ActiveCfg = Debug|Any CPU
		{13BD1751-A837-435D-8F38-F75FA4E57030}.Debug|Any CPU.Build.0 = Debug|Any CPU
		{13BD1751-A837-435D-8F38-F75FA4E57030}.Release|Any CPU.ActiveCfg = Release|Any CPU
		{13BD1751-A837-435D-8F38-F75FA4E57030}.Release|Any CPU.Build.0 = Release|Any CPU
	EndGlobalSection
	GlobalSection(SolutionProperties) = preSolution
		HideSolutionNode = FALSE
	EndGlobalSection
	GlobalSection(ExtensibilityGlobals) = postSolution
		SolutionGuid = {7C6759B2-A856-4773-983C-1888EEB19BB1}
	EndGlobalSection
EndGlobal
